
Microsoft Visual Studio Solution File, Format Version 12.00
# Visual Studio 15
VisualStudioVersion = 15.0.26730.12
MinimumVisualStudioVersion = 10.0.40219.1
Project("{FAE04EC0-301F-11D3-BF4B-00C04F79EFBC}") = "Cvicenie4", "Cvicenie4\Cvicenie4.csproj", "{91EEE447-EBB1-4A0B-832B-806BF5393DC8}"
EndProject
Global
	GlobalSection(SolutionConfigurationPlatforms) = preSolution
		Debug|Any CPU = Debug|Any CPU
		Release|Any CPU = Release|Any CPU
	EndGlobalSection
	GlobalSection(ProjectConfigurationPlatforms) = postSolution
		{91EEE447-EBB1-4A0B-832B-806BF5393DC8}.Debug|Any CPU.ActiveCfg = Debug|Any CPU
		{91EEE447-EBB1-4A0B-832B-806BF5393DC8}.Debug|Any CPU.Build.0 = Debug|Any CPU
		{91EEE447-EBB1-4A0B-832B-806BF5393DC8}.Release|Any CPU.ActiveCfg = Release|Any CPU
		{91EEE447-EBB1-4A0B-832B-806BF5393DC8}.Release|Any CPU.Build.0 = Release|Any CPU
	EndGlobalSection
	GlobalSection(SolutionProperties) = preSolution
		HideSolutionNode = FALSE
	EndGlobalSection
	GlobalSection(ExtensibilityGlobals) = postSolution
		SolutionGuid = {D47CE4BE-D815-4B00-B59D-CBC07D2FD45B}
	EndGlobalSection
EndGlobal
